
Microsoft Visual Studio Solution File, Format Version 12.00
# Visual Studio Version 17
VisualStudioVersion = 17.5.2.0
MinimumVisualStudioVersion = 10.0.40219.1
Project("{FAE04EC0-301F-11D3-BF4B-00C04F79EFBC}") = "PlaceRentalApi.API", "PlaceRentalApi.API.csproj", "{58B386ED-CDFB-8FA7-AC2D-D133678359B0}"
EndProject
Project("{FAE04EC0-301F-11D3-BF4B-00C04F79EFBC}") = "PlaceRentalApi.Infrastructure", "PlaceRentalApi.Infrastructure\PlaceRentalApi.Infrastructure.csproj", "{A8024C04-1D53-43A9-BAFB-CD17E79C3552}"
EndProject
Project("{FAE04EC0-301F-11D3-BF4B-00C04F79EFBC}") = "PlaceRentalApi.Core", "PlaceRentalApi.Core\PlaceRentalApi.Core.csproj", "{30D5384E-8681-4A02-8EA8-B675FA06DEE5}"
EndProject
Project("{FAE04EC0-301F-11D3-BF4B-00C04F79EFBC}") = "PlaceRentalApi.Application", "PlaceRentalApi.Application\PlaceRentalApi.Application.csproj", "{DC74F360-167C-4A45-9108-8DAB0B6840C4}"
EndProject
Global
	GlobalSection(SolutionConfigurationPlatforms) = preSolution
		Debug|Any CPU = Debug|Any CPU
		Debug|x64 = Debug|x64
		Debug|x86 = Debug|x86
		Release|Any CPU = Release|Any CPU
		Release|x64 = Release|x64
		Release|x86 = Release|x86
	EndGlobalSection
	GlobalSection(ProjectConfigurationPlatforms) = postSolution
		{58B386ED-CDFB-8FA7-AC2D-D133678359B0}.Debug|Any CPU.ActiveCfg = Debug|Any CPU
		{58B386ED-CDFB-8FA7-AC2D-D133678359B0}.Debug|Any CPU.Build.0 = Debug|Any CPU
		{58B386ED-CDFB-8FA7-AC2D-D133678359B0}.Debug|x64.ActiveCfg = Debug|Any CPU
		{58B386ED-CDFB-8FA7-AC2D-D133678359B0}.Debug|x64.Build.0 = Debug|Any CPU
		{58B386ED-CDFB-8FA7-AC2D-D133678359B0}.Debug|x86.ActiveCfg = Debug|Any CPU
		{58B386ED-CDFB-8FA7-AC2D-D133678359B0}.Debug|x86.Build.0 = Debug|Any CPU
		{58B386ED-CDFB-8FA7-AC2D-D133678359B0}.Release|Any CPU.ActiveCfg = Release|Any CPU
		{58B386ED-CDFB-8FA7-AC2D-D133678359B0}.Release|Any CPU.Build.0 = Release|Any CPU
		{58B386ED-CDFB-8FA7-AC2D-D133678359B0}.Release|x64.ActiveCfg = Release|Any CPU
		{58B386ED-CDFB-8FA7-AC2D-D133678359B0}.Release|x64.Build.0 = Release|Any CPU
		{58B386ED-CDFB-8FA7-AC2D-D133678359B0}.Release|x86.ActiveCfg = Release|Any CPU
		{58B386ED-CDFB-8FA7-AC2D-D133678359B0}.Release|x86.Build.0 = Release|Any CPU
		{A8024C04-1D53-43A9-BAFB-CD17E79C3552}.Debug|Any CPU.ActiveCfg = Debug|Any CPU
		{A8024C04-1D53-43A9-BAFB-CD17E79C3552}.Debug|Any CPU.Build.0 = Debug|Any CPU
		{A8024C04-1D53-43A9-BAFB-CD17E79C3552}.Debug|x64.ActiveCfg = Debug|Any CPU
		{A8024C04-1D53-43A9-BAFB-CD17E79C3552}.Debug|x64.Build.0 = Debug|Any CPU
		{A8024C04-1D53-43A9-BAFB-CD17E79C3552}.Debug|x86.ActiveCfg = Debug|Any CPU
		{A8024C04-1D53-43A9-BAFB-CD17E79C3552}.Debug|x86.Build.0 = Debug|Any CPU
		{A8024C04-1D53-43A9-BAFB-CD17E79C3552}.Release|Any CPU.ActiveCfg = Release|Any CPU
		{A8024C04-1D53-43A9-BAFB-CD17E79C3552}.Release|Any CPU.Build.0 = Release|Any CPU
		{A8024C04-1D53-43A9-BAFB-CD17E79C3552}.Release|x64.ActiveCfg = Release|Any CPU
		{A8024C04-1D53-43A9-BAFB-CD17E79C3552}.Release|x64.Build.0 = Release|Any CPU
		{A8024C04-1D53-43A9-BAFB-CD17E79C3552}.Release|x86.ActiveCfg = Release|Any CPU
		{A8024C04-1D53-43A9-BAFB-CD17E79C3552}.Release|x86.Build.0 = Release|Any CPU
		{30D5384E-8681-4A02-8EA8-B675FA06DEE5}.Debug|Any CPU.ActiveCfg = Debug|Any CPU
		{30D5384E-8681-4A02-8EA8-B675FA06DEE5}.Debug|Any CPU.Build.0 = Debug|Any CPU
		{30D5384E-8681-4A02-8EA8-B675FA06DEE5}.Debug|x64.ActiveCfg = Debug|Any CPU
		{30D5384E-8681-4A02-8EA8-B675FA06DEE5}.Debug|x64.Build.0 = Debug|Any CPU
		{30D5384E-8681-4A02-8EA8-B675FA06DEE5}.Debug|x86.ActiveCfg = Debug|Any CPU
		{30D5384E-8681-4A02-8EA8-B675FA06DEE5}.Debug|x86.Build.0 = Debug|Any CPU
		{30D5384E-8681-4A02-8EA8-B675FA06DEE5}.Release|Any CPU.ActiveCfg = Release|Any CPU
		{30D5384E-8681-4A02-8EA8-B675FA06DEE5}.Release|Any CPU.Build.0 = Release|Any CPU
		{30D5384E-8681-4A02-8EA8-B675FA06DEE5}.Release|x64.ActiveCfg = Release|Any CPU
		{30D5384E-8681-4A02-8EA8-B675FA06DEE5}.Release|x64.Build.0 = Release|Any CPU
		{30D5384E-8681-4A02-8EA8-B675FA06DEE5}.Release|x86.ActiveCfg = Release|Any CPU
		{30D5384E-8681-4A02-8EA8-B675FA06DEE5}.Release|x86.Build.0 = Release|Any CPU
		{DC74F360-167C-4A45-9108-8DAB0B6840C4}.Debug|Any CPU.ActiveCfg = Debug|Any CPU
		{DC74F360-167C-4A45-9108-8DAB0B6840C4}.Debug|Any CPU.Build.0 = Debug|Any CPU
		{DC74F360-167C-4A45-9108-8DAB0B6840C4}.Debug|x64.ActiveCfg = Debug|Any CPU
		{DC74F360-167C-4A45-9108-8DAB0B6840C4}.Debug|x64.Build.0 = Debug|Any CPU
		{DC74F360-167C-4A45-9108-8DAB0B6840C4}.Debug|x86.ActiveCfg = Debug|Any CPU
		{DC74F360-167C-4A45-9108-8DAB0B6840C4}.Debug|x86.Build.0 = Debug|Any CPU
		{DC74F360-167C-4A45-9108-8DAB0B6840C4}.Release|Any CPU.ActiveCfg = Release|Any CPU
		{DC74F360-167C-4A45-9108-8DAB0B6840C4}.Release|Any CPU.Build.0 = Release|Any CPU
		{DC74F360-167C-4A45-9108-8DAB0B6840C4}.Release|x64.ActiveCfg = Release|Any CPU
		{DC74F360-167C-4A45-9108-8DAB0B6840C4}.Release|x64.Build.0 = Release|Any CPU
		{DC74F360-167C-4A45-9108-8DAB0B6840C4}.Release|x86.ActiveCfg = Release|Any CPU
		{DC74F360-167C-4A45-9108-8DAB0B6840C4}.Release|x86.Build.0 = Release|Any CPU
	EndGlobalSection
	GlobalSection(SolutionProperties) = preSolution
		HideSolutionNode = FALSE
	EndGlobalSection
	GlobalSection(ExtensibilityGlobals) = postSolution
		SolutionGuid = {D4BAD45F-4188-434A-87D1-9A12E043FFA9}
	EndGlobalSection
EndGlobal
